
Microsoft Visual Studio Solution File, Format Version 12.00
# Visual Studio 2013
VisualStudioVersion = 12.0.31101.0
MinimumVisualStudioVersion = 10.0.40219.1
Project("{FAE04EC0-301F-11D3-BF4B-00C04F79EFBC}") = "TifReader", "Tif16Bit\TifReader.csproj", "{745623E4-BB06-49C9-A23F-913ED146434D}"
EndProject
Project("{FAE04EC0-301F-11D3-BF4B-00C04F79EFBC}") = "EmguCVExtensions", "EmguCVExtensions\EmguCVExtensions.csproj", "{45C9761D-8E14-44F8-8B9A-120804F80EB3}"
EndProject
Project("{FAE04EC0-301F-11D3-BF4B-00C04F79EFBC}") = "TestBed", "TestBed\TestBed.csproj", "{184A6DAB-EFB2-4F0C-ABC1-AA2E1BEA8DCE}"
EndProject
Global
	GlobalSection(SolutionConfigurationPlatforms) = preSolution
		Debug|Any CPU = Debug|Any CPU
		Release|Any CPU = Release|Any CPU
	EndGlobalSection
	GlobalSection(ProjectConfigurationPlatforms) = postSolution
		{745623E4-BB06-49C9-A23F-913ED146434D}.Debug|Any CPU.ActiveCfg = Debug|Any CPU
		{745623E4-BB06-49C9-A23F-913ED146434D}.Debug|Any CPU.Build.0 = Debug|Any CPU
		{745623E4-BB06-49C9-A23F-913ED146434D}.Release|Any CPU.ActiveCfg = Release|Any CPU
		{745623E4-BB06-49C9-A23F-913ED146434D}.Release|Any CPU.Build.0 = Release|Any CPU
		{45C9761D-8E14-44F8-8B9A-120804F80EB3}.Debug|Any CPU.ActiveCfg = Debug|Any CPU
		{45C9761D-8E14-44F8-8B9A-120804F80EB3}.Debug|Any CPU.Build.0 = Debug|Any CPU
		{45C9761D-8E14-44F8-8B9A-120804F80EB3}.Release|Any CPU.ActiveCfg = Release|Any CPU
		{45C9761D-8E14-44F8-8B9A-120804F80EB3}.Release|Any CPU.Build.0 = Release|Any CPU
		{184A6DAB-EFB2-4F0C-ABC1-AA2E1BEA8DCE}.Debug|Any CPU.ActiveCfg = Debug|Any CPU
		{184A6DAB-EFB2-4F0C-ABC1-AA2E1BEA8DCE}.Debug|Any CPU.Build.0 = Debug|Any CPU
		{184A6DAB-EFB2-4F0C-ABC1-AA2E1BEA8DCE}.Release|Any CPU.ActiveCfg = Release|Any CPU
		{184A6DAB-EFB2-4F0C-ABC1-AA2E1BEA8DCE}.Release|Any CPU.Build.0 = Release|Any CPU
	EndGlobalSection
	GlobalSection(SolutionProperties) = preSolution
		HideSolutionNode = FALSE
	EndGlobalSection
EndGlobal
